
Microsoft Visual Studio Solution File, Format Version 12.00
# Visual Studio Version 17
VisualStudioVersion = 17.10.35013.160
MinimumVisualStudioVersion = 10.0.40219.1
Project("{FAE04EC0-301F-11D3-BF4B-00C04F79EFBC}") = "Topic 7 - Loops", "Topic 7 - Loops\Topic 7 - Loops.csproj", "{0D43AF7C-5950-4381-8850-A688A8905AA2}"
EndProject
Global
	GlobalSection(SolutionConfigurationPlatforms) = preSolution
		Debug|Any CPU = Debug|Any CPU
		Release|Any CPU = Release|Any CPU
	EndGlobalSection
	GlobalSection(ProjectConfigurationPlatforms) = postSolution
		{0D43AF7C-5950-4381-8850-A688A8905AA2}.Debug|Any CPU.ActiveCfg = Debug|Any CPU
		{0D43AF7C-5950-4381-8850-A688A8905AA2}.Debug|Any CPU.Build.0 = Debug|Any CPU
		{0D43AF7C-5950-4381-8850-A688A8905AA2}.Release|Any CPU.ActiveCfg = Release|Any CPU
		{0D43AF7C-5950-4381-8850-A688A8905AA2}.Release|Any CPU.Build.0 = Release|Any CPU
	EndGlobalSection
	GlobalSection(SolutionProperties) = preSolution
		HideSolutionNode = FALSE
	EndGlobalSection
	GlobalSection(ExtensibilityGlobals) = postSolution
		SolutionGuid = {AF7247BC-041A-48B5-A4D1-542D2D19C951}
	EndGlobalSection
EndGlobal
